// !$*UTF8*$!
{
	archiveVersion = 1;
	classes = {
	};
	objectVersion = 77;
	objects = {

/* Begin PBXContainerItemProxy section */
		AC96E8CD2E3C78F000ABEBC8 /* PBXContainerItemProxy */ = {
			isa = PBXContainerItemProxy;
			containerPortal = AC96E8B32E3C78EE00ABEBC8 /* Project object */;
			proxyType = 1;
			remoteGlobalIDString = AC96E8BA2E3C78EF00ABEBC8;
			remoteInfo = NuTrackDemo03;
		};
		AC96E8D72E3C78F000ABEBC8 /* PBXContainerItemProxy */ = {
			isa = PBXContainerItemProxy;
			containerPortal = AC96E8B32E3C78EE00ABEBC8 /* Project object */;
			proxyType = 1;
			remoteGlobalIDString = AC96E8BA2E3C78EF00ABEBC8;
			remoteInfo = NuTrackDemo03;
		};
/* End PBXContainerItemProxy section */

/* Begin PBXFileReference section */
		AC96E8BB2E3C78EF00ABEBC8 /* NuTrackDemo03.app */ = {isa = PBXFileReference; explicitFileType = wrapper.application; includeInIndex = 0; path = NuTrackDemo03.app; sourceTree = BUILT_PRODUCTS_DIR; };
		AC96E8CC2E3C78F000ABEBC8 /* NuTrackDemo03Tests.xctest */ = {isa = PBXFileReference; explicitFileType = wrapper.cfbundle; includeInIndex = 0; path = NuTrackDemo03Tests.xctest; sourceTree = BUILT_PRODUCTS_DIR; };
		AC96E8D62E3C78F000ABEBC8 /* NuTrackDemo03UITests.xctest */ = {isa = PBXFileReference; explicitFileType = wrapper.cfbundle; includeInIndex = 0; path = NuTrackDemo03UITests.xctest; sourceTree = BUILT_PRODUCTS_DIR; };
/* End PBXFileReference section */

/* Begin PBXFileSystemSynchronizedRootGroup section */
		AC96E8BD2E3C78EF00ABEBC8 /* NuTrackDemo03 */ = {
			isa = PBXFileSystemSynchronizedRootGroup;
			path = NuTrackDemo03;
			sourceTree = "<group>";
		};
		AC96E8CF2E3C78F000ABEBC8 /* NuTrackDemo03Tests */ = {
			isa = PBXFileSystemSynchronizedRootGroup;
			path = NuTrackDemo03Tests;
			sourceTree = "<group>";
		};
		AC96E8D92E3C78F000ABEBC8 /* NuTrackDemo03UITests */ = {
			isa = PBXFileSystemSynchronizedRootGroup;
			path = NuTrackDemo03UITests;
			sourceTree = "<group>";
		};
/* End PBXFileSystemSynchronizedRootGroup section */

/* Begin PBXFrameworksBuildPhase section */
		AC96E8B82E3C78EF00ABEBC8 /* Frameworks */ = {
			isa = PBXFrameworksBuildPhase;
			buildActionMask = 2147483647;
			files = (
			);
			runOnlyForDeploymentPostprocessing = 0;
		};
		AC96E8C92E3C78F000ABEBC8 /* Frameworks */ = {
			isa = PBXFrameworksBuildPhase;
			buildActionMask = 2147483647;
			files = (
			);
			runOnlyForDeploymentPostprocessing = 0;
		};
		AC96E8D32E3C78F000ABEBC8 /* Frameworks */ = {
			isa = PBXFrameworksBuildPhase;
			buildActionMask = 2147483647;
			files = (
			);
			runOnlyForDeploymentPostprocessing = 0;
		};
/* End PBXFrameworksBuildPhase section */

/* Begin PBXGroup section */
		AC96E8B22E3C78EE00ABEBC8 = {
			isa = PBXGroup;
			children = (
				AC96E8BD2E3C78EF00ABEBC8 /* NuTrackDemo03 */,
				AC96E8CF2E3C78F000ABEBC8 /* NuTrackDemo03Tests */,
				AC96E8D92E3C78F000ABEBC8 /* NuTrackDemo03UITests */,
				AC96E8BC2E3C78EF00ABEBC8 /* Products */,
			);
			sourceTree = "<group>";
		};
		AC96E8BC2E3C78EF00ABEBC8 /* Products */ = {
			isa = PBXGroup;
			children = (
				AC96E8BB2E3C78EF00ABEBC8 /* NuTrackDemo03.app */,
				AC96E8CC2E3C78F000ABEBC8 /* NuTrackDemo03Tests.xctest */,
				AC96E8D62E3C78F000ABEBC8 /* NuTrackDemo03UITests.xctest */,
			);
			name = Products;
			sourceTree = "<group>";
		};
/* End PBXGroup section */

/* Begin PBXNativeTarget section */
		AC96E8BA2E3C78EF00ABEBC8 /* NuTrackDemo03 */ = {
			isa = PBXNativeTarget;
			buildConfigurationList = AC96E8E02E3C78F000ABEBC8 /* Build configuration list for PBXNativeTarget "NuTrackDemo03" */;
			buildPhases = (
				AC96E8B72E3C78EF00ABEBC8 /* Sources */,
				AC96E8B82E3C78EF00ABEBC8 /* Frameworks */,
				AC96E8B92E3C78EF00ABEBC8 /* Resources */,
			);
			buildRules = (
			);
			dependencies = (
			);
			fileSystemSynchronizedGroups = (
				AC96E8BD2E3C78EF00ABEBC8 /* NuTrackDemo03 */,
			);
			name = NuTrackDemo03;
			packageProductDependencies = (
			);
			productName = NuTrackDemo03;
			productReference = AC96E8BB2E3C78EF00ABEBC8 /* NuTrackDemo03.app */;
			productType = "com.apple.product-type.application";
		};
		AC96E8CB2E3C78F000ABEBC8 /* NuTrackDemo03Tests */ = {
			isa = PBXNativeTarget;
			buildConfigurationList = AC96E8E32E3C78F000ABEBC8 /* Build configuration list for PBXNativeTarget "NuTrackDemo03Tests" */;
			buildPhases = (
				AC96E8C82E3C78F000ABEBC8 /* Sources */,
				AC96E8C92E3C78F000ABEBC8 /* Frameworks */,
				AC96E8CA2E3C78F000ABEBC8 /* Resources */,
			);
			buildRules = (
			);
			dependencies = (
				AC96E8CE2E3C78F000ABEBC8 /* PBXTargetDependency */,
			);
			fileSystemSynchronizedGroups = (
				AC96E8CF2E3C78F000ABEBC8 /* NuTrackDemo03Tests */,
			);
			name = NuTrackDemo03Tests;
			packageProductDependencies = (
			);
			productName = NuTrackDemo03Tests;
			productReference = AC96E8CC2E3C78F000ABEBC8 /* NuTrackDemo03Tests.xctest */;
			productType = "com.apple.product-type.bundle.unit-test";
		};
		AC96E8D52E3C78F000ABEBC8 /* NuTrackDemo03UITests */ = {
			isa = PBXNativeTarget;
			buildConfigurationList = AC96E8E62E3C78F000ABEBC8 /* Build configuration list for PBXNativeTarget "NuTrackDemo03UITests" */;
			buildPhases = (
				AC96E8D22E3C78F000ABEBC8 /* Sources */,
				AC96E8D32E3C78F000ABEBC8 /* Frameworks */,
				AC96E8D42E3C78F000ABEBC8 /* Resources */,
			);
			buildRules = (
			);
			dependencies = (
				AC96E8D82E3C78F000ABEBC8 /* PBXTargetDependency */,
			);
			fileSystemSynchronizedGroups = (
				AC96E8D92E3C78F000ABEBC8 /* NuTrackDemo03UITests */,
			);
			name = NuTrackDemo03UITests;
			packageProductDependencies = (
			);
			productName = NuTrackDemo03UITests;
			productReference = AC96E8D62E3C78F000ABEBC8 /* NuTrackDemo03UITests.xctest */;
			productType = "com.apple.product-type.bundle.ui-testing";
		};
/* End PBXNativeTarget section */

/* Begin PBXProject section */
		AC96E8B32E3C78EE00ABEBC8 /* Project object */ = {
			isa = PBXProject;
			attributes = {
				BuildIndependentTargetsInParallel = 1;
				LastSwiftUpdateCheck = 1620;
				LastUpgradeCheck = 1620;
				TargetAttributes = {
					AC96E8BA2E3C78EF00ABEBC8 = {
						CreatedOnToolsVersion = 16.2;
					};
					AC96E8CB2E3C78F000ABEBC8 = {
						CreatedOnToolsVersion = 16.2;
						TestTargetID = AC96E8BA2E3C78EF00ABEBC8;
					};
					AC96E8D52E3C78F000ABEBC8 = {
						CreatedOnToolsVersion = 16.2;
						TestTargetID = AC96E8BA2E3C78EF00ABEBC8;
					};
				};
			};
			buildConfigurationList = AC96E8B62E3C78EE00ABEBC8 /* Build configuration list for PBXProject "NuTrackDemo03" */;
			developmentRegion = "zh-Hant";
			hasScannedForEncodings = 0;
			knownRegions = (
				en,
				Base,
				"zh-Hant",
			);
			mainGroup = AC96E8B22E3C78EE00ABEBC8;
			minimizedProjectReferenceProxies = 1;
			preferredProjectObjectVersion = 77;
			productRefGroup = AC96E8BC2E3C78EF00ABEBC8 /* Products */;
			projectDirPath = "";
			projectRoot = "";
			targets = (
				AC96E8BA2E3C78EF00ABEBC8 /* NuTrackDemo03 */,
				AC96E8CB2E3C78F000ABEBC8 /* NuTrackDemo03Tests */,
				AC96E8D52E3C78F000ABEBC8 /* NuTrackDemo03UITests */,
			);
		};
/* End PBXProject section */

/* Begin PBXResourcesBuildPhase section */
		AC96E8B92E3C78EF00ABEBC8 /* Resources */ = {
			isa = PBXResourcesBuildPhase;
			buildActionMask = 2147483647;
			files = (
			);
			runOnlyForDeploymentPostprocessing = 0;
		};
		AC96E8CA2E3C78F000ABEBC8 /* Resources */ = {
			isa = PBXResourcesBuildPhase;
			buildActionMask = 2147483647;
			files = (
			);
			runOnlyForDeploymentPostprocessing = 0;
		};
		AC96E8D42E3C78F000ABEBC8 /* Resources */ = {
			isa = PBXResourcesBuildPhase;
			buildActionMask = 2147483647;
			files = (
			);
			runOnlyForDeploymentPostprocessing = 0;
		};
/* End PBXResourcesBuildPhase section */

/* Begin PBXSourcesBuildPhase section */
		AC96E8B72E3C78EF00ABEBC8 /* Sources */ = {
			isa = PBXSourcesBuildPhase;
			buildActionMask = 2147483647;
			files = (
			);
			runOnlyForDeploymentPostprocessing = 0;
		};
		AC96E8C82E3C78F000ABEBC8 /* Sources */ = {
			isa = PBXSourcesBuildPhase;
			buildActionMask = 2147483647;
			files = (
			);
			runOnlyForDeploymentPostprocessing = 0;
		};
		AC96E8D22E3C78F000ABEBC8 /* Sources */ = {
			isa = PBXSourcesBuildPhase;
			buildActionMask = 2147483647;
			files = (
			);
			runOnlyForDeploymentPostprocessing = 0;
		};
/* End PBXSourcesBuildPhase section */

/* Begin PBXTargetDependency section */
		AC96E8CE2E3C78F000ABEBC8 /* PBXTargetDependency */ = {
			isa = PBXTargetDependency;
			target = AC96E8BA2E3C78EF00ABEBC8 /* NuTrackDemo03 */;
			targetProxy = AC96E8CD2E3C78F000ABEBC8 /* PBXContainerItemProxy */;
		};
		AC96E8D82E3C78F000ABEBC8 /* PBXTargetDependency */ = {
			isa = PBXTargetDependency;
			target = AC96E8BA2E3C78EF00ABEBC8 /* NuTrackDemo03 */;
			targetProxy = AC96E8D72E3C78F000ABEBC8 /* PBXContainerItemProxy */;
		};
/* End PBXTargetDependency section */

/* Begin XCBuildConfiguration section */
		AC96E8DE2E3C78F000ABEBC8 /* Debug */ = {
			isa = XCBuildConfiguration;
			buildSettings = {
				ALWAYS_SEARCH_USER_PATHS = NO;
				ASSETCATALOG_COMPILER_GENERATE_SWIFT_ASSET_SYMBOL_EXTENSIONS = YES;
				CLANG_ANALYZER_NONNULL = YES;
				CLANG_ANALYZER_NUMBER_OBJECT_CONVERSION = YES_AGGRESSIVE;
				CLANG_CXX_LANGUAGE_STANDARD = "gnu++20";
				CLANG_ENABLE_MODULES = YES;
				CLANG_ENABLE_OBJC_ARC = YES;
				CLANG_ENABLE_OBJC_WEAK = YES;
				CLANG_WARN_BLOCK_CAPTURE_AUTORELEASING = YES;
				CLANG_WARN_BOOL_CONVERSION = YES;
				CLANG_WARN_COMMA = YES;
				CLANG_WARN_CONSTANT_CONVERSION = YES;
				CLANG_WARN_DEPRECATED_OBJC_IMPLEMENTATIONS = YES;
				CLANG_WARN_DIRECT_OBJC_ISA_USAGE = YES_ERROR;
				CLANG_WARN_DOCUMENTATION_COMMENTS = YES;
				CLANG_WARN_EMPTY_BODY = YES;
				CLANG_WARN_ENUM_CONVERSION = YES;
				CLANG_WARN_INFINITE_RECURSION = YES;
				CLANG_WARN_INT_CONVERSION = YES;
				CLANG_WARN_NON_LITERAL_NULL_CONVERSION = YES;
				CLANG_WARN_OBJC_IMPLICIT_RETAIN_SELF = YES;
				CLANG_WARN_OBJC_LITERAL_CONVERSION = YES;
				CLANG_WARN_OBJC_ROOT_CLASS = YES_ERROR;
				CLANG_WARN_QUOTED_INCLUDE_IN_FRAMEWORK_HEADER = YES;
				CLANG_WARN_RANGE_LOOP_ANALYSIS = YES;
				CLANG_WARN_STRICT_PROTOTYPES = YES;
				CLANG_WARN_SUSPICIOUS_MOVE = YES;
				CLANG_WARN_UNGUARDED_AVAILABILITY = YES_AGGRESSIVE;
				CLANG_WARN_UNREACHABLE_CODE = YES;
				CLANG_WARN__DUPLICATE_METHOD_MATCH = YES;
				COPY_PHASE_STRIP = NO;
				DEBUG_INFORMATION_FORMAT = dwarf;
				ENABLE_STRICT_OBJC_MSGSEND = YES;
				ENABLE_TESTABILITY = YES;
				ENABLE_USER_SCRIPT_SANDBOXING = YES;
				GCC_C_LANGUAGE_STANDARD = gnu17;
				GCC_DYNAMIC_NO_PIC = NO;
				GCC_NO_COMMON_BLOCKS = YES;
				GCC_OPTIMIZATION_LEVEL = 0;
				GCC_PREPROCESSOR_DEFINITIONS = (
					"DEBUG=1",
					"$(inherited)",
				);
				GCC_WARN_64_TO_32_BIT_CONVERSION = YES;
				GCC_WARN_ABOUT_RETURN_TYPE = YES_ERROR;
				GCC_WARN_UNDECLARED_SELECTOR = YES;
				GCC_WARN_UNINITIALIZED_AUTOS = YES_AGGRESSIVE;
				GCC_WARN_UNUSED_FUNCTION = YES;
				GCC_WARN_UNUSED_VARIABLE = YES;
				LOCALIZATION_PREFERS_STRING_CATALOGS = YES;
				MTL_ENABLE_DEBUG_INFO = INCLUDE_SOURCE;
				MTL_FAST_MATH = YES;
				ONLY_ACTIVE_ARCH = YES;
				SWIFT_ACTIVE_COMPILATION_CONDITIONS = "DEBUG $(inherited)";
				SWIFT_OPTIMIZATION_LEVEL = "-Onone";
			};
			name = Debug;
		};
		AC96E8DF2E3C78F000ABEBC8 /* Release */ = {
			isa = XCBuildConfiguration;
			buildSettings = {
				ALWAYS_SEARCH_USER_PATHS = NO;
				ASSETCATALOG_COMPILER_GENERATE_SWIFT_ASSET_SYMBOL_EXTENSIONS = YES;
				CLANG_ANALYZER_NONNULL = YES;
				CLANG_ANALYZER_NUMBER_OBJECT_CONVERSION = YES_AGGRESSIVE;
				CLANG_CXX_LANGUAGE_STANDARD = "gnu++20";
				CLANG_ENABLE_MODULES = YES;
				CLANG_ENABLE_OBJC_ARC = YES;
				CLANG_ENABLE_OBJC_WEAK = YES;
				CLANG_WARN_BLOCK_CAPTURE_AUTORELEASING = YES;
				CLANG_WARN_BOOL_CONVERSION = YES;
				CLANG_WARN_COMMA = YES;
				CLANG_WARN_CONSTANT_CONVERSION = YES;
				CLANG_WARN_DEPRECATED_OBJC_IMPLEMENTATIONS = YES;
				CLANG_WARN_DIRECT_OBJC_ISA_USAGE = YES_ERROR;
				CLANG_WARN_DOCUMENTATION_COMMENTS = YES;
				CLANG_WARN_EMPTY_BODY = YES;
				CLANG_WARN_ENUM_CONVERSION = YES;
				CLANG_WARN_INFINITE_RECURSION = YES;
				CLANG_WARN_INT_CONVERSION = YES;
				CLANG_WARN_NON_LITERAL_NULL_CONVERSION = YES;
				CLANG_WARN_OBJC_IMPLICIT_RETAIN_SELF = YES;
				CLANG_WARN_OBJC_LITERAL_CONVERSION = YES;
				CLANG_WARN_OBJC_ROOT_CLASS = YES_ERROR;
				CLANG_WARN_QUOTED_INCLUDE_IN_FRAMEWORK_HEADER = YES;
				CLANG_WARN_RANGE_LOOP_ANALYSIS = YES;
				CLANG_WARN_STRICT_PROTOTYPES = YES;
				CLANG_WARN_SUSPICIOUS_MOVE = YES;
				CLANG_WARN_UNGUARDED_AVAILABILITY = YES_AGGRESSIVE;
				CLANG_WARN_UNREACHABLE_CODE = YES;
				CLANG_WARN__DUPLICATE_METHOD_MATCH = YES;
				COPY_PHASE_STRIP = NO;
				DEBUG_INFORMATION_FORMAT = "dwarf-with-dsym";
				ENABLE_NS_ASSERTIONS = NO;
				ENABLE_STRICT_OBJC_MSGSEND = YES;
				ENABLE_USER_SCRIPT_SANDBOXING = YES;
				GCC_C_LANGUAGE_STANDARD = gnu17;
				GCC_NO_COMMON_BLOCKS = YES;
				GCC_WARN_64_TO_32_BIT_CONVERSION = YES;
				GCC_WARN_ABOUT_RETURN_TYPE = YES_ERROR;
				GCC_WARN_UNDECLARED_SELECTOR = YES;
				GCC_WARN_UNINITIALIZED_AUTOS = YES_AGGRESSIVE;
				GCC_WARN_UNUSED_FUNCTION = YES;
				GCC_WARN_UNUSED_VARIABLE = YES;
				LOCALIZATION_PREFERS_STRING_CATALOGS = YES;
				MTL_ENABLE_DEBUG_INFO = NO;
				MTL_FAST_MATH = YES;
				SWIFT_COMPILATION_MODE = wholemodule;
			};
			name = Release;
		};
		AC96E8E12E3C78F000ABEBC8 /* Debug */ = {
			isa = XCBuildConfiguration;
			buildSettings = {
				ASSETCATALOG_COMPILER_APPICON_NAME = AppIcon;
				ASSETCATALOG_COMPILER_GLOBAL_ACCENT_COLOR_NAME = AccentColor;
				CODE_SIGN_ENTITLEMENTS = NuTrackDemo03/NuTrackDemo03.entitlements;
				"CODE_SIGN_IDENTITY[sdk=macosx*]" = "Apple Development";
				CODE_SIGN_STYLE = Automatic;
				CURRENT_PROJECT_VERSION = 1;
				DEVELOPMENT_ASSET_PATHS = "\"NuTrackDemo03/Preview Content\"";
				DEVELOPMENT_TEAM = GFKY4P338S;
				ENABLE_PREVIEWS = YES;
				GENERATE_INFOPLIST_FILE = YES;
				INFOPLIST_KEY_CFBundleDisplayName = NuTrack;
				INFOPLIST_KEY_LSApplicationCategoryType = "public.app-category.healthcare-fitness";
				"INFOPLIST_KEY_UIApplicationSceneManifest_Generation[sdk=iphoneos*]" = YES;
				"INFOPLIST_KEY_UIApplicationSceneManifest_Generation[sdk=iphonesimulator*]" = YES;
				"INFOPLIST_KEY_UIApplicationSupportsIndirectInputEvents[sdk=iphoneos*]" = YES;
				"INFOPLIST_KEY_UIApplicationSupportsIndirectInputEvents[sdk=iphonesimulator*]" = YES;
				"INFOPLIST_KEY_UILaunchScreen_Generation[sdk=iphoneos*]" = YES;
				"INFOPLIST_KEY_UILaunchScreen_Generation[sdk=iphonesimulator*]" = YES;
				"INFOPLIST_KEY_UIStatusBarStyle[sdk=iphoneos*]" = UIStatusBarStyleDefault;
				"INFOPLIST_KEY_UIStatusBarStyle[sdk=iphonesimulator*]" = UIStatusBarStyleDefault;
				INFOPLIST_KEY_UISupportedInterfaceOrientations_iPad = "UIInterfaceOrientationPortrait UIInterfaceOrientationPortraitUpsideDown UIInterfaceOrientationLandscapeLeft UIInterfaceOrientationLandscapeRight";
				INFOPLIST_KEY_UISupportedInterfaceOrientations_iPhone = "UIInterfaceOrientationPortrait UIInterfaceOrientationLandscapeLeft UIInterfaceOrientationLandscapeRight";
				IPHONEOS_DEPLOYMENT_TARGET = 17.6;
				LD_RUNPATH_SEARCH_PATHS = "@executable_path/Frameworks";
				"LD_RUNPATH_SEARCH_PATHS[sdk=macosx*]" = "@executable_path/../Frameworks";
				MACOSX_DEPLOYMENT_TARGET = 14.6;
				MARKETING_VERSION = 1.0;
				PRODUCT_BUNDLE_IDENTIFIER = zztw.NuTrackDemo03;
				PRODUCT_NAME = "$(TARGET_NAME)";
				SDKROOT = auto;
				SUPPORTED_PLATFORMS = "iphoneos iphonesimulator macosx xros xrsimulator";
				SWIFT_EMIT_LOC_STRINGS = YES;
				SWIFT_VERSION = 5.0;
				TARGETED_DEVICE_FAMILY = "1,2,7";
				XROS_DEPLOYMENT_TARGET = 2.0;
			};
			name = Debug;
		};
		AC96E8E22E3C78F000ABEBC8 /* Release */ = {
			isa = XCBuildConfiguration;
			buildSettings = {
				ASSETCATALOG_COMPILER_APPICON_NAME = AppIcon;
				ASSETCATALOG_COMPILER_GLOBAL_ACCENT_COLOR_NAME = AccentColor;
				CODE_SIGN_ENTITLEMENTS = NuTrackDemo03/NuTrackDemo03.entitlements;
				"CODE_SIGN_IDENTITY[sdk=macosx*]" = "Apple Development";
				CODE_SIGN_STYLE = Automatic;
				CURRENT_PROJECT_VERSION = 1;
				DEVELOPMENT_ASSET_PATHS = "\"NuTrackDemo03/Preview Content\"";
				DEVELOPMENT_TEAM = GFKY4P338S;
				ENABLE_PREVIEWS = YES;
				GENERATE_INFOPLIST_FILE = YES;
				INFOPLIST_KEY_CFBundleDisplayName = NuTrack;
				INFOPLIST_KEY_LSApplicationCategoryType = "public.app-category.healthcare-fitness";
				"INFOPLIST_KEY_UIApplicationSceneManifest_Generation[sdk=iphoneos*]" = YES;
				"INFOPLIST_KEY_UIApplicationSceneManifest_Generation[sdk=iphonesimulator*]" = YES;
				"INFOPLIST_KEY_UIApplicationSupportsIndirectInputEvents[sdk=iphoneos*]" = YES;
				"INFOPLIST_KEY_UIApplicationSupportsIndirectInputEvents[sdk=iphonesimulator*]" = YES;
				"INFOPLIST_KEY_UILaunchScreen_Generation[sdk=iphoneos*]" = YES;
				"INFOPLIST_KEY_UILaunchScreen_Generation[sdk=iphonesimulator*]" = YES;
				"INFOPLIST_KEY_UIStatusBarStyle[sdk=iphoneos*]" = UIStatusBarStyleDefault;
				"INFOPLIST_KEY_UIStatusBarStyle[sdk=iphonesimulator*]" = UIStatusBarStyleDefault;
				INFOPLIST_KEY_UISupportedInterfaceOrientations_iPad = "UIInterfaceOrientationPortrait UIInterfaceOrientationPortraitUpsideDown UIInterfaceOrientationLandscapeLeft UIInterfaceOrientationLandscapeRight";
				INFOPLIST_KEY_UISupportedInterfaceOrientations_iPhone = "UIInterfaceOrientationPortrait UIInterfaceOrientationLandscapeLeft UIInterfaceOrientationLandscapeRight";
				IPHONEOS_DEPLOYMENT_TARGET = 17.6;
				LD_RUNPATH_SEARCH_PATHS = "@executable_path/Frameworks";
				"LD_RUNPATH_SEARCH_PATHS[sdk=macosx*]" = "@executable_path/../Frameworks";
				MACOSX_DEPLOYMENT_TARGET = 14.6;
				MARKETING_VERSION = 1.0;
				PRODUCT_BUNDLE_IDENTIFIER = zztw.NuTrackDemo03;
				PRODUCT_NAME = "$(TARGET_NAME)";
				SDKROOT = auto;
				SUPPORTED_PLATFORMS = "iphoneos iphonesimulator macosx xros xrsimulator";
				SWIFT_EMIT_LOC_STRINGS = YES;
				SWIFT_VERSION = 5.0;
				TARGETED_DEVICE_FAMILY = "1,2,7";
				XROS_DEPLOYMENT_TARGET = 2.0;
			};
			name = Release;
		};
		AC96E8E42E3C78F000ABEBC8 /* Debug */ = {
			isa = XCBuildConfiguration;
			buildSettings = {
				BUNDLE_LOADER = "$(TEST_HOST)";
				CODE_SIGN_STYLE = Automatic;
				CURRENT_PROJECT_VERSION = 1;
				DEVELOPMENT_TEAM = "";
				GENERATE_INFOPLIST_FILE = YES;
				IPHONEOS_DEPLOYMENT_TARGET = 18.2;
				MACOSX_DEPLOYMENT_TARGET = 14.5;
				MARKETING_VERSION = 1.0;
				PRODUCT_BUNDLE_IDENTIFIER = zztw.NuTrackDemo03Tests;
				PRODUCT_NAME = "$(TARGET_NAME)";
				SDKROOT = auto;
				SUPPORTED_PLATFORMS = "iphoneos iphonesimulator macosx xros xrsimulator";
				SWIFT_EMIT_LOC_STRINGS = NO;
				SWIFT_VERSION = 5.0;
				TARGETED_DEVICE_FAMILY = "1,2,7";
				TEST_HOST = "$(BUILT_PRODUCTS_DIR)/NuTrackDemo03.app/$(BUNDLE_EXECUTABLE_FOLDER_PATH)/NuTrackDemo03";
				XROS_DEPLOYMENT_TARGET = 2.2;
			};
			name = Debug;
		};
		AC96E8E52E3C78F000ABEBC8 /* Release */ = {
			isa = XCBuildConfiguration;
			buildSettings = {
				BUNDLE_LOADER = "$(TEST_HOST)";
				CODE_SIGN_STYLE = Automatic;
				CURRENT_PROJECT_VERSION = 1;
				GENERATE_INFOPLIST_FILE = YES;
				IPHONEOS_DEPLOYMENT_TARGET = 18.2;
				MACOSX_DEPLOYMENT_TARGET = 14.5;
				MARKETING_VERSION = 1.0;
				PRODUCT_BUNDLE_IDENTIFIER = zztw.NuTrackDemo03Tests;
				PRODUCT_NAME = "$(TARGET_NAME)";
				SDKROOT = auto;
				SUPPORTED_PLATFORMS = "iphoneos iphonesimulator macosx xros xrsimulator";
				SWIFT_EMIT_LOC_STRINGS = NO;
				SWIFT_VERSION = 5.0;
				TARGETED_DEVICE_FAMILY = "1,2,7";
				TEST_HOST = "$(BUILT_PRODUCTS_DIR)/NuTrackDemo03.app/$(BUNDLE_EXECUTABLE_FOLDER_PATH)/NuTrackDemo03";
				XROS_DEPLOYMENT_TARGET = 2.2;
			};
			name = Release;
		};
		AC96E8E72E3C78F000ABEBC8 /* Debug */ = {
			isa = XCBuildConfiguration;
			buildSettings = {
				CODE_SIGN_STYLE = Automatic;
				CURRENT_PROJECT_VERSION = 1;
				GENERATE_INFOPLIST_FILE = YES;
				IPHONEOS_DEPLOYMENT_TARGET = 18.2;
				MACOSX_DEPLOYMENT_TARGET = 14.5;
				MARKETING_VERSION = 1.0;
				PRODUCT_BUNDLE_IDENTIFIER = zztw.NuTrackDemo03UITests;
				PRODUCT_NAME = "$(TARGET_NAME)";
				SDKROOT = auto;
				SUPPORTED_PLATFORMS = "iphoneos iphonesimulator macosx xros xrsimulator";
				SWIFT_EMIT_LOC_STRINGS = NO;
				SWIFT_VERSION = 5.0;
				TARGETED_DEVICE_FAMILY = "1,2,7";
				TEST_TARGET_NAME = NuTrackDemo03;
				XROS_DEPLOYMENT_TARGET = 2.2;
			};
			name = Debug;
		};
		AC96E8E82E3C78F000ABEBC8 /* Release */ = {
			isa = XCBuildConfiguration;
			buildSettings = {
				CODE_SIGN_STYLE = Automatic;
				CURRENT_PROJECT_VERSION = 1;
				GENERATE_INFOPLIST_FILE = YES;
				IPHONEOS_DEPLOYMENT_TARGET = 18.2;
				MACOSX_DEPLOYMENT_TARGET = 14.5;
				MARKETING_VERSION = 1.0;
				PRODUCT_BUNDLE_IDENTIFIER = zztw.NuTrackDemo03UITests;
				PRODUCT_NAME = "$(TARGET_NAME)";
				SDKROOT = auto;
				SUPPORTED_PLATFORMS = "iphoneos iphonesimulator macosx xros xrsimulator";
				SWIFT_EMIT_LOC_STRINGS = NO;
				SWIFT_VERSION = 5.0;
				TARGETED_DEVICE_FAMILY = "1,2,7";
				TEST_TARGET_NAME = NuTrackDemo03;
				XROS_DEPLOYMENT_TARGET = 2.2;
			};
			name = Release;
		};
/* End XCBuildConfiguration section */

/* Begin XCConfigurationList section */
		AC96E8B62E3C78EE00ABEBC8 /* Build configuration list for PBXProject "NuTrackDemo03" */ = {
			isa = XCConfigurationList;
			buildConfigurations = (
				AC96E8DE2E3C78F000ABEBC8 /* Debug */,
				AC96E8DF2E3C78F000ABEBC8 /* Release */,
			);
			defaultConfigurationIsVisible = 0;
			defaultConfigurationName = Release;
		};
		AC96E8E02E3C78F000ABEBC8 /* Build configuration list for PBXNativeTarget "NuTrackDemo03" */ = {
			isa = XCConfigurationList;
			buildConfigurations = (
				AC96E8E12E3C78F000ABEBC8 /* Debug */,
				AC96E8E22E3C78F000ABEBC8 /* Release */,
			);
			defaultConfigurationIsVisible = 0;
			defaultConfigurationName = Release;
		};
		AC96E8E32E3C78F000ABEBC8 /* Build configuration list for PBXNativeTarget "NuTrackDemo03Tests" */ = {
			isa = XCConfigurationList;
			buildConfigurations = (
				AC96E8E42E3C78F000ABEBC8 /* Debug */,
				AC96E8E52E3C78F000ABEBC8 /* Release */,
			);
			defaultConfigurationIsVisible = 0;
			defaultConfigurationName = Release;
		};
		AC96E8E62E3C78F000ABEBC8 /* Build configuration list for PBXNativeTarget "NuTrackDemo03UITests" */ = {
			isa = XCConfigurationList;
			buildConfigurations = (
				AC96E8E72E3C78F000ABEBC8 /* Debug */,
				AC96E8E82E3C78F000ABEBC8 /* Release */,
			);
			defaultConfigurationIsVisible = 0;
			defaultConfigurationName = Release;
		};
/* End XCConfigurationList section */
	};
	rootObject = AC96E8B32E3C78EE00ABEBC8 /* Project object */;
}
